// !$*UTF8*$!
{
	archiveVersion = 1;
	classes = {
	};
	objectVersion = 46;
	objects = {

/* Begin PBXBuildFile section */
		9ED161EE1D36F6F200653D27 /* AppDelegate.swift in Sources */ = {isa = PBXBuildFile; fileRef = 9ED161ED1D36F6F200653D27 /* AppDelegate.swift */; };
		9ED161F01D36F6F200653D27 /* ViewController.swift in Sources */ = {isa = PBXBuildFile; fileRef = 9ED161EF1D36F6F200653D27 /* ViewController.swift */; };
		9ED161F31D36F6F200653D27 /* Main.storyboard in Resources */ = {isa = PBXBuildFile; fileRef = 9ED161F11D36F6F200653D27 /* Main.storyboard */; };
		9ED161F51D36F6F200653D27 /* Assets.xcassets in Resources */ = {isa = PBXBuildFile; fileRef = 9ED161F41D36F6F200653D27 /* Assets.xcassets */; };
		9ED161F81D36F6F200653D27 /* LaunchScreen.storyboard in Resources */ = {isa = PBXBuildFile; fileRef = 9ED161F61D36F6F200653D27 /* LaunchScreen.storyboard */; };
		9ED162031D36F6F200653D27 /* A_FCodeTest2Tests.swift in Sources */ = {isa = PBXBuildFile; fileRef = 9ED162021D36F6F200653D27 /* A_FCodeTest2Tests.swift */; };
		9ED1620E1D36F6F200653D27 /* A_FCodeTest2UITests.swift in Sources */ = {isa = PBXBuildFile; fileRef = 9ED1620D1D36F6F200653D27 /* A_FCodeTest2UITests.swift */; };
/* End PBXBuildFile section */

/* Begin PBXContainerItemProxy section */
		9ED161FF1D36F6F200653D27 /* PBXContainerItemProxy */ = {
			isa = PBXContainerItemProxy;
			containerPortal = 9ED161E21D36F6F200653D27 /* Project object */;
			proxyType = 1;
			remoteGlobalIDString = 9ED161E91D36F6F200653D27;
			remoteInfo = "A&FCodeTest2";
		};
		9ED1620A1D36F6F200653D27 /* PBXContainerItemProxy */ = {
			isa = PBXContainerItemProxy;
			containerPortal = 9ED161E21D36F6F200653D27 /* Project object */;
			proxyType = 1;
			remoteGlobalIDString = 9ED161E91D36F6F200653D27;
			remoteInfo = "A&FCodeTest2";
		};
/* End PBXContainerItemProxy section */

/* Begin PBXFileReference section */
		9ED161EA1D36F6F200653D27 /* A&FCodeTest2.app */ = {isa = PBXFileReference; explicitFileType = wrapper.application; includeInIndex = 0; path = "A&FCodeTest2.app"; sourceTree = BUILT_PRODUCTS_DIR; };
		9ED161ED1D36F6F200653D27 /* AppDelegate.swift */ = {isa = PBXFileReference; lastKnownFileType = sourcecode.swift; path = AppDelegate.swift; sourceTree = "<group>"; };
		9ED161EF1D36F6F200653D27 /* ViewController.swift */ = {isa = PBXFileReference; lastKnownFileType = sourcecode.swift; path = ViewController.swift; sourceTree = "<group>"; };
		9ED161F21D36F6F200653D27 /* Base */ = {isa = PBXFileReference; lastKnownFileType = file.storyboard; name = Base; path = Base.lproj/Main.storyboard; sourceTree = "<group>"; };
		9ED161F41D36F6F200653D27 /* Assets.xcassets */ = {isa = PBXFileReference; lastKnownFileType = folder.assetcatalog; path = Assets.xcassets; sourceTree = "<group>"; };
		9ED161F71D36F6F200653D27 /* Base */ = {isa = PBXFileReference; lastKnownFileType = file.storyboard; name = Base; path = Base.lproj/LaunchScreen.storyboard; sourceTree = "<group>"; };
		9ED161F91D36F6F200653D27 /* Info.plist */ = {isa = PBXFileReference; lastKnownFileType = text.plist.xml; path = Info.plist; sourceTree = "<group>"; };
		9ED161FE1D36F6F200653D27 /* A&FCodeTest2Tests.xctest */ = {isa = PBXFileReference; explicitFileType = wrapper.cfbundle; includeInIndex = 0; path = "A&FCodeTest2Tests.xctest"; sourceTree = BUILT_PRODUCTS_DIR; };
		9ED162021D36F6F200653D27 /* A_FCodeTest2Tests.swift */ = {isa = PBXFileReference; lastKnownFileType = sourcecode.swift; path = A_FCodeTest2Tests.swift; sourceTree = "<group>"; };
		9ED162041D36F6F200653D27 /* Info.plist */ = {isa = PBXFileReference; lastKnownFileType = text.plist.xml; path = Info.plist; sourceTree = "<group>"; };
		9ED162091D36F6F200653D27 /* A&FCodeTest2UITests.xctest */ = {isa = PBXFileReference; explicitFileType = wrapper.cfbundle; includeInIndex = 0; path = "A&FCodeTest2UITests.xctest"; sourceTree = BUILT_PRODUCTS_DIR; };
		9ED1620D1D36F6F200653D27 /* A_FCodeTest2UITests.swift */ = {isa = PBXFileReference; lastKnownFileType = sourcecode.swift; path = A_FCodeTest2UITests.swift; sourceTree = "<group>"; };
		9ED1620F1D36F6F200653D27 /* Info.plist */ = {isa = PBXFileReference; lastKnownFileType = text.plist.xml; path = Info.plist; sourceTree = "<group>"; };
/* End PBXFileReference section */

/* Begin PBXFrameworksBuildPhase section */
		9ED161E71D36F6F200653D27 /* Frameworks */ = {
			isa = PBXFrameworksBuildPhase;
			buildActionMask = 2147483647;
			files = (
			);
			runOnlyForDeploymentPostprocessing = 0;
		};
		9ED161FB1D36F6F200653D27 /* Frameworks */ = {
			isa = PBXFrameworksBuildPhase;
			buildActionMask = 2147483647;
			files = (
			);
			runOnlyForDeploymentPostprocessing = 0;
		};
		9ED162061D36F6F200653D27 /* Frameworks */ = {
			isa = PBXFrameworksBuildPhase;
			buildActionMask = 2147483647;
			files = (
			);
			runOnlyForDeploymentPostprocessing = 0;
		};
/* End PBXFrameworksBuildPhase section */

/* Begin PBXGroup section */
		9ED161E11D36F6F200653D27 = {
			isa = PBXGroup;
			children = (
				9ED161EC1D36F6F200653D27 /* A&FCodeTest2 */,
				9ED162011D36F6F200653D27 /* A&FCodeTest2Tests */,
				9ED1620C1D36F6F200653D27 /* A&FCodeTest2UITests */,
				9ED161EB1D36F6F200653D27 /* Products */,
			);
			sourceTree = "<group>";
		};
		9ED161EB1D36F6F200653D27 /* Products */ = {
			isa = PBXGroup;
			children = (
				9ED161EA1D36F6F200653D27 /* A&FCodeTest2.app */,
				9ED161FE1D36F6F200653D27 /* A&FCodeTest2Tests.xctest */,
				9ED162091D36F6F200653D27 /* A&FCodeTest2UITests.xctest */,
			);
			name = Products;
			sourceTree = "<group>";
		};
		9ED161EC1D36F6F200653D27 /* A&FCodeTest2 */ = {
			isa = PBXGroup;
			children = (
				9ED161ED1D36F6F200653D27 /* AppDelegate.swift */,
				9ED161EF1D36F6F200653D27 /* ViewController.swift */,
				9ED161F11D36F6F200653D27 /* Main.storyboard */,
				9ED161F41D36F6F200653D27 /* Assets.xcassets */,
				9ED161F61D36F6F200653D27 /* LaunchScreen.storyboard */,
				9ED161F91D36F6F200653D27 /* Info.plist */,
			);
			path = "A&FCodeTest2";
			sourceTree = "<group>";
		};
		9ED162011D36F6F200653D27 /* A&FCodeTest2Tests */ = {
			isa = PBXGroup;
			children = (
				9ED162021D36F6F200653D27 /* A_FCodeTest2Tests.swift */,
				9ED162041D36F6F200653D27 /* Info.plist */,
			);
			path = "A&FCodeTest2Tests";
			sourceTree = "<group>";
		};
		9ED1620C1D36F6F200653D27 /* A&FCodeTest2UITests */ = {
			isa = PBXGroup;
			children = (
				9ED1620D1D36F6F200653D27 /* A_FCodeTest2UITests.swift */,
				9ED1620F1D36F6F200653D27 /* Info.plist */,
			);
			path = "A&FCodeTest2UITests";
			sourceTree = "<group>";
		};
/* End PBXGroup section */

/* Begin PBXNativeTarget section */
		9ED161E91D36F6F200653D27 /* A&FCodeTest2 */ = {
			isa = PBXNativeTarget;
			buildConfigurationList = 9ED162121D36F6F200653D27 /* Build configuration list for PBXNativeTarget "A&FCodeTest2" */;
			buildPhases = (
				9ED161E61D36F6F200653D27 /* Sources */,
				9ED161E71D36F6F200653D27 /* Frameworks */,
				9ED161E81D36F6F200653D27 /* Resources */,
			);
			buildRules = (
			);
			dependencies = (
			);
			name = "A&FCodeTest2";
			productName = "A&FCodeTest2";
			productReference = 9ED161EA1D36F6F200653D27 /* A&FCodeTest2.app */;
			productType = "com.apple.product-type.application";
		};
		9ED161FD1D36F6F200653D27 /* A&FCodeTest2Tests */ = {
			isa = PBXNativeTarget;
			buildConfigurationList = 9ED162151D36F6F200653D27 /* Build configuration list for PBXNativeTarget "A&FCodeTest2Tests" */;
			buildPhases = (
				9ED161FA1D36F6F200653D27 /* Sources */,
				9ED161FB1D36F6F200653D27 /* Frameworks */,
				9ED161FC1D36F6F200653D27 /* Resources */,
			);
			buildRules = (
			);
			dependencies = (
				9ED162001D36F6F200653D27 /* PBXTargetDependency */,
			);
			name = "A&FCodeTest2Tests";
			productName = "A&FCodeTest2Tests";
			productReference = 9ED161FE1D36F6F200653D27 /* A&FCodeTest2Tests.xctest */;
			productType = "com.apple.product-type.bundle.unit-test";
		};
		9ED162081D36F6F200653D27 /* A&FCodeTest2UITests */ = {
			isa = PBXNativeTarget;
			buildConfigurationList = 9ED162181D36F6F200653D27 /* Build configuration list for PBXNativeTarget "A&FCodeTest2UITests" */;
			buildPhases = (
				9ED162051D36F6F200653D27 /* Sources */,
				9ED162061D36F6F200653D27 /* Frameworks */,
				9ED162071D36F6F200653D27 /* Resources */,
			);
			buildRules = (
			);
			dependencies = (
				9ED1620B1D36F6F200653D27 /* PBXTargetDependency */,
			);
			name = "A&FCodeTest2UITests";
			productName = "A&FCodeTest2UITests";
			productReference = 9ED162091D36F6F200653D27 /* A&FCodeTest2UITests.xctest */;
			productType = "com.apple.product-type.bundle.ui-testing";
		};
/* End PBXNativeTarget section */

/* Begin PBXProject section */
		9ED161E21D36F6F200653D27 /* Project object */ = {
			isa = PBXProject;
			attributes = {
				LastSwiftUpdateCheck = 0730;
				LastUpgradeCheck = 0730;
				ORGANIZATIONNAME = "Jhonathan Sanchez";
				TargetAttributes = {
					9ED161E91D36F6F200653D27 = {
						CreatedOnToolsVersion = 7.3.1;
						DevelopmentTeam = 73UA252779;
					};
					9ED161FD1D36F6F200653D27 = {
						CreatedOnToolsVersion = 7.3.1;
						DevelopmentTeam = 73UA252779;
						TestTargetID = 9ED161E91D36F6F200653D27;
					};
					9ED162081D36F6F200653D27 = {
						CreatedOnToolsVersion = 7.3.1;
						DevelopmentTeam = 73UA252779;
						TestTargetID = 9ED161E91D36F6F200653D27;
					};
				};
			};
			buildConfigurationList = 9ED161E51D36F6F200653D27 /* Build configuration list for PBXProject "A&FCodeTest2" */;
			compatibilityVersion = "Xcode 3.2";
			developmentRegion = English;
			hasScannedForEncodings = 0;
			knownRegions = (
				en,
				Base,
			);
			mainGroup = 9ED161E11D36F6F200653D27;
			productRefGroup = 9ED161EB1D36F6F200653D27 /* Products */;
			projectDirPath = "";
			projectRoot = "";
			targets = (
				9ED161E91D36F6F200653D27 /* A&FCodeTest2 */,
				9ED161FD1D36F6F200653D27 /* A&FCodeTest2Tests */,
				9ED162081D36F6F200653D27 /* A&FCodeTest2UITests */,
			);
		};
/* End PBXProject section */

/* Begin PBXResourcesBuildPhase section */
		9ED161E81D36F6F200653D27 /* Resources */ = {
			isa = PBXResourcesBuildPhase;
			buildActionMask = 2147483647;
			files = (
				9ED161F81D36F6F200653D27 /* LaunchScreen.storyboard in Resources */,
				9ED161F51D36F6F200653D27 /* Assets.xcassets in Resources */,
				9ED161F31D36F6F200653D27 /* Main.storyboard in Resources */,
			);
			runOnlyForDeploymentPostprocessing = 0;
		};
		9ED161FC1D36F6F200653D27 /* Resources */ = {
			isa = PBXResourcesBuildPhase;
			buildActionMask = 2147483647;
			files = (
			);
			runOnlyForDeploymentPostprocessing = 0;
		};
		9ED162071D36F6F200653D27 /* Resources */ = {
			isa = PBXResourcesBuildPhase;
			buildActionMask = 2147483647;
			files = (
			);
			runOnlyForDeploymentPostprocessing = 0;
		};
/* End PBXResourcesBuildPhase section */

/* Begin PBXSourcesBuildPhase section */
		9ED161E61D36F6F200653D27 /* Sources */ = {
			isa = PBXSourcesBuildPhase;
			buildActionMask = 2147483647;
			files = (
				9ED161F01D36F6F200653D27 /* ViewController.swift in Sources */,
				9ED161EE1D36F6F200653D27 /* AppDelegate.swift in Sources */,
			);
			runOnlyForDeploymentPostprocessing = 0;
		};
		9ED161FA1D36F6F200653D27 /* Sources */ = {
			isa = PBXSourcesBuildPhase;
			buildActionMask = 2147483647;
			files = (
				9ED162031D36F6F200653D27 /* A_FCodeTest2Tests.swift in Sources */,
			);
			runOnlyForDeploymentPostprocessing = 0;
		};
		9ED162051D36F6F200653D27 /* Sources */ = {
			isa = PBXSourcesBuildPhase;
			buildActionMask = 2147483647;
			files = (
				9ED1620E1D36F6F200653D27 /* A_FCodeTest2UITests.swift in Sources */,
			);
			runOnlyForDeploymentPostprocessing = 0;
		};
/* End PBXSourcesBuildPhase section */

/* Begin PBXTargetDependency section */
		9ED162001D36F6F200653D27 /* PBXTargetDependency */ = {
			isa = PBXTargetDependency;
			target = 9ED161E91D36F6F200653D27 /* A&FCodeTest2 */;
			targetProxy = 9ED161FF1D36F6F200653D27 /* PBXContainerItemProxy */;
		};
		9ED1620B1D36F6F200653D27 /* PBXTargetDependency */ = {
			isa = PBXTargetDependency;
			target = 9ED161E91D36F6F200653D27 /* A&FCodeTest2 */;
			targetProxy = 9ED1620A1D36F6F200653D27 /* PBXContainerItemProxy */;
		};
/* End PBXTargetDependency section */

/* Begin PBXVariantGroup section */
		9ED161F11D36F6F200653D27 /* Main.storyboard */ = {
			isa = PBXVariantGroup;
			children = (
				9ED161F21D36F6F200653D27 /* Base */,
			);
			name = Main.storyboard;
			sourceTree = "<group>";
		};
		9ED161F61D36F6F200653D27 /* LaunchScreen.storyboard */ = {
			isa = PBXVariantGroup;
			children = (
				9ED161F71D36F6F200653D27 /* Base */,
			);
			name = LaunchScreen.storyboard;
			sourceTree = "<group>";
		};
/* End PBXVariantGroup section */

/* Begin XCBuildConfiguration section */
		9ED162101D36F6F200653D27 /* Debug */ = {
			isa = XCBuildConfiguration;
			buildSettings = {
				ALWAYS_SEARCH_USER_PATHS = NO;
				CLANG_ANALYZER_NONNULL = YES;
				CLANG_CXX_LANGUAGE_STANDARD = "gnu++0x";
				CLANG_CXX_LIBRARY = "libc++";
				CLANG_ENABLE_MODULES = YES;
				CLANG_ENABLE_OBJC_ARC = YES;
				CLANG_WARN_BOOL_CONVERSION = YES;
				CLANG_WARN_CONSTANT_CONVERSION = YES;
				CLANG_WARN_DIRECT_OBJC_ISA_USAGE = YES_ERROR;
				CLANG_WARN_EMPTY_BODY = YES;
				CLANG_WARN_ENUM_CONVERSION = YES;
				CLANG_WARN_INT_CONVERSION = YES;
				CLANG_WARN_OBJC_ROOT_CLASS = YES_ERROR;
				CLANG_WARN_UNREACHABLE_CODE = YES;
				CLANG_WARN__DUPLICATE_METHOD_MATCH = YES;
				"CODE_SIGN_IDENTITY[sdk=iphoneos*]" = "iPhone Developer";
				COPY_PHASE_STRIP = NO;
				DEBUG_INFORMATION_FORMAT = dwarf;
				ENABLE_STRICT_OBJC_MSGSEND = YES;
				ENABLE_TESTABILITY = YES;
				GCC_C_LANGUAGE_STANDARD = gnu99;
				GCC_DYNAMIC_NO_PIC = NO;
				GCC_NO_COMMON_BLOCKS = YES;
				GCC_OPTIMIZATION_LEVEL = 0;
				GCC_PREPROCESSOR_DEFINITIONS = (
					"DEBUG=1",
					"$(inherited)",
				);
				GCC_WARN_64_TO_32_BIT_CONVERSION = YES;
				GCC_WARN_ABOUT_RETURN_TYPE = YES_ERROR;
				GCC_WARN_UNDECLARED_SELECTOR = YES;
				GCC_WARN_UNINITIALIZED_AUTOS = YES_AGGRESSIVE;
				GCC_WARN_UNUSED_FUNCTION = YES;
				GCC_WARN_UNUSED_VARIABLE = YES;
				IPHONEOS_DEPLOYMENT_TARGET = 9.3;
				MTL_ENABLE_DEBUG_INFO = YES;
				ONLY_ACTIVE_ARCH = YES;
				SDKROOT = iphoneos;
				SWIFT_OPTIMIZATION_LEVEL = "-Onone";
				TARGETED_DEVICE_FAMILY = "1,2";
			};
			name = Debug;
		};
		9ED162111D36F6F200653D27 /* Release */ = {
			isa = XCBuildConfiguration;
			buildSettings = {
				ALWAYS_SEARCH_USER_PATHS = NO;
				CLANG_ANALYZER_NONNULL = YES;
				CLANG_CXX_LANGUAGE_STANDARD = "gnu++0x";
				CLANG_CXX_LIBRARY = "libc++";
				CLANG_ENABLE_MODULES = YES;
				CLANG_ENABLE_OBJC_ARC = YES;
				CLANG_WARN_BOOL_CONVERSION = YES;
				CLANG_WARN_CONSTANT_CONVERSION = YES;
				CLANG_WARN_DIRECT_OBJC_ISA_USAGE = YES_ERROR;
				CLANG_WARN_EMPTY_BODY = YES;
				CLANG_WARN_ENUM_CONVERSION = YES;
				CLANG_WARN_INT_CONVERSION = YES;
				CLANG_WARN_OBJC_ROOT_CLASS = YES_ERROR;
				CLANG_WARN_UNREACHABLE_CODE = YES;
				CLANG_WARN__DUPLICATE_METHOD_MATCH = YES;
				"CODE_SIGN_IDENTITY[sdk=iphoneos*]" = "iPhone Developer";
				COPY_PHASE_STRIP = NO;
				DEBUG_INFORMATION_FORMAT = "dwarf-with-dsym";
				ENABLE_NS_ASSERTIONS = NO;
				ENABLE_STRICT_OBJC_MSGSEND = YES;
				GCC_C_LANGUAGE_STANDARD = gnu99;
				GCC_NO_COMMON_BLOCKS = YES;
				GCC_WARN_64_TO_32_BIT_CONVERSION = YES;
				GCC_WARN_ABOUT_RETURN_TYPE = YES_ERROR;
				GCC_WARN_UNDECLARED_SELECTOR = YES;
				GCC_WARN_UNINITIALIZED_AUTOS = YES_AGGRESSIVE;
				GCC_WARN_UNUSED_FUNCTION = YES;
				GCC_WARN_UNUSED_VARIABLE = YES;
				IPHONEOS_DEPLOYMENT_TARGET = 9.3;
				MTL_ENABLE_DEBUG_INFO = NO;
				SDKROOT = iphoneos;
				TARGETED_DEVICE_FAMILY = "1,2";
				VALIDATE_PRODUCT = YES;
			};
			name = Release;
		};
		9ED162131D36F6F200653D27 /* Debug */ = {
			isa = XCBuildConfiguration;
			buildSettings = {
				ASSETCATALOG_COMPILER_APPICON_NAME = AppIcon;
				INFOPLIST_FILE = "A&FCodeTest2/Info.plist";
				LD_RUNPATH_SEARCH_PATHS = "$(inherited) @executable_path/Frameworks";
				PRODUCT_BUNDLE_IDENTIFIER = "edu.JhonSnchez.A-FCodeTest2";
				PRODUCT_NAME = "$(TARGET_NAME)";
			};
			name = Debug;
		};
		9ED162141D36F6F200653D27 /* Release */ = {
			isa = XCBuildConfiguration;
			buildSettings = {
				ASSETCATALOG_COMPILER_APPICON_NAME = AppIcon;
				INFOPLIST_FILE = "A&FCodeTest2/Info.plist";
				LD_RUNPATH_SEARCH_PATHS = "$(inherited) @executable_path/Frameworks";
				PRODUCT_BUNDLE_IDENTIFIER = "edu.JhonSnchez.A-FCodeTest2";
				PRODUCT_NAME = "$(TARGET_NAME)";
			};
			name = Release;
		};
		9ED162161D36F6F200653D27 /* Debug */ = {
			isa = XCBuildConfiguration;
			buildSettings = {
				BUNDLE_LOADER = "$(TEST_HOST)";
				INFOPLIST_FILE = "A&FCodeTest2Tests/Info.plist";
				LD_RUNPATH_SEARCH_PATHS = "$(inherited) @executable_path/Frameworks @loader_path/Frameworks";
				PRODUCT_BUNDLE_IDENTIFIER = "edu.JhonSnchez.A-FCodeTest2Tests";
				PRODUCT_NAME = "$(TARGET_NAME)";
				TEST_HOST = "$(BUILT_PRODUCTS_DIR)/A&FCodeTest2.app/A&FCodeTest2";
			};
			name = Debug;
		};
		9ED162171D36F6F200653D27 /* Release */ = {
			isa = XCBuildConfiguration;
			buildSettings = {
				BUNDLE_LOADER = "$(TEST_HOST)";
				INFOPLIST_FILE = "A&FCodeTest2Tests/Info.plist";
				LD_RUNPATH_SEARCH_PATHS = "$(inherited) @executable_path/Frameworks @loader_path/Frameworks";
				PRODUCT_BUNDLE_IDENTIFIER = "edu.JhonSnchez.A-FCodeTest2Tests";
				PRODUCT_NAME = "$(TARGET_NAME)";
				TEST_HOST = "$(BUILT_PRODUCTS_DIR)/A&FCodeTest2.app/A&FCodeTest2";
			};
			name = Release;
		};
		9ED162191D36F6F200653D27 /* Debug */ = {
			isa = XCBuildConfiguration;
			buildSettings = {
				INFOPLIST_FILE = "A&FCodeTest2UITests/Info.plist";
				LD_RUNPATH_SEARCH_PATHS = "$(inherited) @executable_path/Frameworks @loader_path/Frameworks";
				PRODUCT_BUNDLE_IDENTIFIER = "edu.JhonSnchez.A-FCodeTest2UITests";
				PRODUCT_NAME = "$(TARGET_NAME)";
				TEST_TARGET_NAME = "A&FCodeTest2";
			};
			name = Debug;
		};
		9ED1621A1D36F6F200653D27 /* Release */ = {
			isa = XCBuildConfiguration;
			buildSettings = {
				INFOPLIST_FILE = "A&FCodeTest2UITests/Info.plist";
				LD_RUNPATH_SEARCH_PATHS = "$(inherited) @executable_path/Frameworks @loader_path/Frameworks";
				PRODUCT_BUNDLE_IDENTIFIER = "edu.JhonSnchez.A-FCodeTest2UITests";
				PRODUCT_NAME = "$(TARGET_NAME)";
				TEST_TARGET_NAME = "A&FCodeTest2";
			};
			name = Release;
		};
/* End XCBuildConfiguration section */

/* Begin XCConfigurationList section */
		9ED161E51D36F6F200653D27 /* Build configuration list for PBXProject "A&FCodeTest2" */ = {
			isa = XCConfigurationList;
			buildConfigurations = (
				9ED162101D36F6F200653D27 /* Debug */,
				9ED162111D36F6F200653D27 /* Release */,
			);
			defaultConfigurationIsVisible = 0;
			defaultConfigurationName = Release;
		};
		9ED162121D36F6F200653D27 /* Build configuration list for PBXNativeTarget "A&FCodeTest2" */ = {
			isa = XCConfigurationList;
			buildConfigurations = (
				9ED162131D36F6F200653D27 /* Debug */,
				9ED162141D36F6F200653D27 /* Release */,
			);
			defaultConfigurationIsVisible = 0;
		};
		9ED162151D36F6F200653D27 /* Build configuration list for PBXNativeTarget "A&FCodeTest2Tests" */ = {
			isa = XCConfigurationList;
			buildConfigurations = (
				9ED162161D36F6F200653D27 /* Debug */,
				9ED162171D36F6F200653D27 /* Release */,
			);
			defaultConfigurationIsVisible = 0;
		};
		9ED162181D36F6F200653D27 /* Build configuration list for PBXNativeTarget "A&FCodeTest2UITests" */ = {
			isa = XCConfigurationList;
			buildConfigurations = (
				9ED162191D36F6F200653D27 /* Debug */,
				9ED1621A1D36F6F200653D27 /* Release */,
			);
			defaultConfigurationIsVisible = 0;
		};
/* End XCConfigurationList section */
	};
	rootObject = 9ED161E21D36F6F200653D27 /* Project object */;
}
